
Microsoft Visual Studio Solution File, Format Version 12.00
# Visual Studio 15
VisualStudioVersion = 15.0.28010.2036
MinimumVisualStudioVersion = 10.0.40219.1
Project("{9A19103F-16F7-4668-BE54-9A1E7A4F7556}") = "CinemaFlixManager", "CinemaFlixManager\CinemaFlixManager.csproj", "{A8FECDFB-FBAA-4E01-A445-E45D70AE4043}"
EndProject
Global
	GlobalSection(SolutionConfigurationPlatforms) = preSolution
		Debug|Any CPU = Debug|Any CPU
		Release|Any CPU = Release|Any CPU
	EndGlobalSection
	GlobalSection(ProjectConfigurationPlatforms) = postSolution
		{A8FECDFB-FBAA-4E01-A445-E45D70AE4043}.Debug|Any CPU.ActiveCfg = Debug|Any CPU
		{A8FECDFB-FBAA-4E01-A445-E45D70AE4043}.Debug|Any CPU.Build.0 = Debug|Any CPU
		{A8FECDFB-FBAA-4E01-A445-E45D70AE4043}.Release|Any CPU.ActiveCfg = Release|Any CPU
		{A8FECDFB-FBAA-4E01-A445-E45D70AE4043}.Release|Any CPU.Build.0 = Release|Any CPU
	EndGlobalSection
	GlobalSection(SolutionProperties) = preSolution
		HideSolutionNode = FALSE
	EndGlobalSection
	GlobalSection(ExtensibilityGlobals) = postSolution
		SolutionGuid = {4FB9B865-F980-4955-965E-51AE66ABA605}
	EndGlobalSection
EndGlobal
